
Microsoft Visual Studio Solution File, Format Version 12.00
Project("{FAE04EC0-301F-11D3-BF4B-00C04F79EFBC}") = "InClassAssignment", "InClassAssignment\InClassAssignment.csproj", "{65FCE71E-EFBA-4E11-8A48-C221BF03B932}"
EndProject
Global
	GlobalSection(SolutionConfigurationPlatforms) = preSolution
		Debug|Any CPU = Debug|Any CPU
		Release|Any CPU = Release|Any CPU
	EndGlobalSection
	GlobalSection(ProjectConfigurationPlatforms) = postSolution
		{65FCE71E-EFBA-4E11-8A48-C221BF03B932}.Debug|Any CPU.ActiveCfg = Debug|Any CPU
		{65FCE71E-EFBA-4E11-8A48-C221BF03B932}.Debug|Any CPU.Build.0 = Debug|Any CPU
		{65FCE71E-EFBA-4E11-8A48-C221BF03B932}.Release|Any CPU.ActiveCfg = Release|Any CPU
		{65FCE71E-EFBA-4E11-8A48-C221BF03B932}.Release|Any CPU.Build.0 = Release|Any CPU
	EndGlobalSection
EndGlobal
